
Microsoft Visual Studio Solution File, Format Version 12.00
# Visual Studio Version 16
VisualStudioVersion = 16.0.29123.89
MinimumVisualStudioVersion = 10.0.40219.1
Project("{FAE04EC0-301F-11D3-BF4B-00C04F79EFBC}") = "dsmm_server", "dsmm_server\dsmm_server.csproj", "{C3010D71-A1E6-4B5F-BA86-2154BEF5C709}"
EndProject
Global
	GlobalSection(SolutionConfigurationPlatforms) = preSolution
		Debug|Any CPU = Debug|Any CPU
		Release|Any CPU = Release|Any CPU
	EndGlobalSection
	GlobalSection(ProjectConfigurationPlatforms) = postSolution
		{C3010D71-A1E6-4B5F-BA86-2154BEF5C709}.Debug|Any CPU.ActiveCfg = Debug|Any CPU
		{C3010D71-A1E6-4B5F-BA86-2154BEF5C709}.Debug|Any CPU.Build.0 = Debug|Any CPU
		{C3010D71-A1E6-4B5F-BA86-2154BEF5C709}.Release|Any CPU.ActiveCfg = Release|Any CPU
		{C3010D71-A1E6-4B5F-BA86-2154BEF5C709}.Release|Any CPU.Build.0 = Release|Any CPU
	EndGlobalSection
	GlobalSection(SolutionProperties) = preSolution
		HideSolutionNode = FALSE
	EndGlobalSection
	GlobalSection(ExtensibilityGlobals) = postSolution
		SolutionGuid = {1B12C279-1902-4958-AE42-EABBF325F902}
	EndGlobalSection
EndGlobal
