
Microsoft Visual Studio Solution File, Format Version 12.00
# Visual Studio Version 16
VisualStudioVersion = 16.0.29230.61
MinimumVisualStudioVersion = 10.0.40219.1
Project("{9A19103F-16F7-4668-BE54-9A1E7A4F7556}") = "sc2dsstats_mm_dev", "sc2dsstats_mm_dev\sc2dsstats_mm_dev.csproj", "{167060E6-D351-4B23-A174-571631B24853}"
EndProject
Global
	GlobalSection(SolutionConfigurationPlatforms) = preSolution
		Debug|Any CPU = Debug|Any CPU
		Release|Any CPU = Release|Any CPU
	EndGlobalSection
	GlobalSection(ProjectConfigurationPlatforms) = postSolution
		{167060E6-D351-4B23-A174-571631B24853}.Debug|Any CPU.ActiveCfg = Debug|Any CPU
		{167060E6-D351-4B23-A174-571631B24853}.Debug|Any CPU.Build.0 = Debug|Any CPU
		{167060E6-D351-4B23-A174-571631B24853}.Release|Any CPU.ActiveCfg = Release|Any CPU
		{167060E6-D351-4B23-A174-571631B24853}.Release|Any CPU.Build.0 = Release|Any CPU
	EndGlobalSection
	GlobalSection(SolutionProperties) = preSolution
		HideSolutionNode = FALSE
	EndGlobalSection
	GlobalSection(ExtensibilityGlobals) = postSolution
		SolutionGuid = {4E21D1E5-E80B-4378-9962-3E2979D54E10}
	EndGlobalSection
EndGlobal
